
Microsoft Visual Studio Solution File, Format Version 12.00
# Visual Studio 15
VisualStudioVersion = 15.0.26124.0
MinimumVisualStudioVersion = 15.0.26124.0
Project("{2150E333-8FDC-42A3-9474-1A3956D46DE8}") = "src", "src", "{41F95412-8706-4294-9E83-8F7554722216}"
EndProject
Project("{FAE04EC0-301F-11D3-BF4B-00C04F79EFBC}") = "GradeBook", "src\GradeBook\GradeBook.csproj", "{921941CF-A0C0-41B3-9D7B-023BC90DBA6E}"
EndProject
Project("{2150E333-8FDC-42A3-9474-1A3956D46DE8}") = "test", "test", "{88D5A20F-AAC8-4A2D-B90A-5EC27AFAB989}"
EndProject
Project("{FAE04EC0-301F-11D3-BF4B-00C04F79EFBC}") = "GradeBook.Tests", "test\GradeBook.Tests\GradeBook.Tests.csproj", "{B8E49979-A159-43B5-A6D2-6066CD1467CD}"
EndProject
Global
	GlobalSection(SolutionConfigurationPlatforms) = preSolution
		Debug|Any CPU = Debug|Any CPU
		Debug|x64 = Debug|x64
		Debug|x86 = Debug|x86
		Release|Any CPU = Release|Any CPU
		Release|x64 = Release|x64
		Release|x86 = Release|x86
	EndGlobalSection
	GlobalSection(SolutionProperties) = preSolution
		HideSolutionNode = FALSE
	EndGlobalSection
	GlobalSection(ProjectConfigurationPlatforms) = postSolution
		{921941CF-A0C0-41B3-9D7B-023BC90DBA6E}.Debug|Any CPU.ActiveCfg = Debug|Any CPU
		{921941CF-A0C0-41B3-9D7B-023BC90DBA6E}.Debug|Any CPU.Build.0 = Debug|Any CPU
		{921941CF-A0C0-41B3-9D7B-023BC90DBA6E}.Debug|x64.ActiveCfg = Debug|Any CPU
		{921941CF-A0C0-41B3-9D7B-023BC90DBA6E}.Debug|x64.Build.0 = Debug|Any CPU
		{921941CF-A0C0-41B3-9D7B-023BC90DBA6E}.Debug|x86.ActiveCfg = Debug|Any CPU
		{921941CF-A0C0-41B3-9D7B-023BC90DBA6E}.Debug|x86.Build.0 = Debug|Any CPU
		{921941CF-A0C0-41B3-9D7B-023BC90DBA6E}.Release|Any CPU.ActiveCfg = Release|Any CPU
		{921941CF-A0C0-41B3-9D7B-023BC90DBA6E}.Release|Any CPU.Build.0 = Release|Any CPU
		{921941CF-A0C0-41B3-9D7B-023BC90DBA6E}.Release|x64.ActiveCfg = Release|Any CPU
		{921941CF-A0C0-41B3-9D7B-023BC90DBA6E}.Release|x64.Build.0 = Release|Any CPU
		{921941CF-A0C0-41B3-9D7B-023BC90DBA6E}.Release|x86.ActiveCfg = Release|Any CPU
		{921941CF-A0C0-41B3-9D7B-023BC90DBA6E}.Release|x86.Build.0 = Release|Any CPU
		{B8E49979-A159-43B5-A6D2-6066CD1467CD}.Debug|Any CPU.ActiveCfg = Debug|Any CPU
		{B8E49979-A159-43B5-A6D2-6066CD1467CD}.Debug|Any CPU.Build.0 = Debug|Any CPU
		{B8E49979-A159-43B5-A6D2-6066CD1467CD}.Debug|x64.ActiveCfg = Debug|Any CPU
		{B8E49979-A159-43B5-A6D2-6066CD1467CD}.Debug|x64.Build.0 = Debug|Any CPU
		{B8E49979-A159-43B5-A6D2-6066CD1467CD}.Debug|x86.ActiveCfg = Debug|Any CPU
		{B8E49979-A159-43B5-A6D2-6066CD1467CD}.Debug|x86.Build.0 = Debug|Any CPU
		{B8E49979-A159-43B5-A6D2-6066CD1467CD}.Release|Any CPU.ActiveCfg = Release|Any CPU
		{B8E49979-A159-43B5-A6D2-6066CD1467CD}.Release|Any CPU.Build.0 = Release|Any CPU
		{B8E49979-A159-43B5-A6D2-6066CD1467CD}.Release|x64.ActiveCfg = Release|Any CPU
		{B8E49979-A159-43B5-A6D2-6066CD1467CD}.Release|x64.Build.0 = Release|Any CPU
		{B8E49979-A159-43B5-A6D2-6066CD1467CD}.Release|x86.ActiveCfg = Release|Any CPU
		{B8E49979-A159-43B5-A6D2-6066CD1467CD}.Release|x86.Build.0 = Release|Any CPU
	EndGlobalSection
	GlobalSection(NestedProjects) = preSolution
		{921941CF-A0C0-41B3-9D7B-023BC90DBA6E} = {41F95412-8706-4294-9E83-8F7554722216}
		{B8E49979-A159-43B5-A6D2-6066CD1467CD} = {88D5A20F-AAC8-4A2D-B90A-5EC27AFAB989}
	EndGlobalSection
EndGlobal
